
Microsoft Visual Studio Solution File, Format Version 12.00
# Visual Studio Version 16
VisualStudioVersion = 16.0.30225.117
MinimumVisualStudioVersion = 10.0.40219.1
Project("{9A19103F-16F7-4668-BE54-9A1E7A4F7556}") = "AgentNetCore", "AgentNetCore\AgentNetCore.csproj", "{55431FE9-BD6E-402F-B0A1-DAA4321F3BC9}"
EndProject
Project("{E53339B2-1760-4266-BCC7-CA923CBCF16C}") = "docker-compose", "docker-compose.dcproj", "{ADC366D2-3E25-40D7-B912-35FD4A54C04E}"
EndProject
Global
	GlobalSection(SolutionConfigurationPlatforms) = preSolution
		Debug|Any CPU = Debug|Any CPU
		Release|Any CPU = Release|Any CPU
	EndGlobalSection
	GlobalSection(ProjectConfigurationPlatforms) = postSolution
		{55431FE9-BD6E-402F-B0A1-DAA4321F3BC9}.Debug|Any CPU.ActiveCfg = Debug|Any CPU
		{55431FE9-BD6E-402F-B0A1-DAA4321F3BC9}.Debug|Any CPU.Build.0 = Debug|Any CPU
		{55431FE9-BD6E-402F-B0A1-DAA4321F3BC9}.Release|Any CPU.ActiveCfg = Release|Any CPU
		{55431FE9-BD6E-402F-B0A1-DAA4321F3BC9}.Release|Any CPU.Build.0 = Release|Any CPU
		{ADC366D2-3E25-40D7-B912-35FD4A54C04E}.Debug|Any CPU.ActiveCfg = Debug|Any CPU
		{ADC366D2-3E25-40D7-B912-35FD4A54C04E}.Debug|Any CPU.Build.0 = Debug|Any CPU
		{ADC366D2-3E25-40D7-B912-35FD4A54C04E}.Release|Any CPU.ActiveCfg = Release|Any CPU
		{ADC366D2-3E25-40D7-B912-35FD4A54C04E}.Release|Any CPU.Build.0 = Release|Any CPU
	EndGlobalSection
	GlobalSection(SolutionProperties) = preSolution
		HideSolutionNode = FALSE
	EndGlobalSection
	GlobalSection(ExtensibilityGlobals) = postSolution
		SolutionGuid = {AB5A726F-8995-4C2C-BDE4-9C297297CB97}
	EndGlobalSection
EndGlobal
